
Microsoft Visual Studio Solution File, Format Version 12.00
# Visual Studio Version 17
VisualStudioVersion = 17.0.31903.59
MinimumVisualStudioVersion = 10.0.40219.1
Project("{FAE04EC0-301F-11D3-BF4B-00C04F79EFBC}") = "AOC.Common", "AOC.Common\AOC.Common.csproj", "{A327D329-B4DB-441B-B049-11448174A5B3}"
EndProject
Project("{FAE04EC0-301F-11D3-BF4B-00C04F79EFBC}") = "Day01", "Day01\Day01.csproj", "{4C63E980-FCDD-4FA8-89A0-3FFCE9036ED3}"
EndProject
Project("{FAE04EC0-301F-11D3-BF4B-00C04F79EFBC}") = "Day02", "Day02\Day02.csproj", "{354AA47D-7BDF-472D-9A6A-8FC1AE0E71F9}"
EndProject
Project("{FAE04EC0-301F-11D3-BF4B-00C04F79EFBC}") = "Day03", "Day03\Day03.csproj", "{5A7703AE-C748-4ADB-91CD-7D39D3C1EEC8}"
EndProject
Project("{FAE04EC0-301F-11D3-BF4B-00C04F79EFBC}") = "Day04", "Day04\Day04.csproj", "{BE55956D-99AE-4DED-BDB3-E091A6DD7C94}"
EndProject
Project("{FAE04EC0-301F-11D3-BF4B-00C04F79EFBC}") = "Day05", "Day05\Day05.csproj", "{C0E0B382-3D03-45B8-9233-7FC2B50EE480}"
EndProject
Project("{FAE04EC0-301F-11D3-BF4B-00C04F79EFBC}") = "Day06", "Day06\Day06.csproj", "{36BBF309-E3F9-463E-BC3B-30FED2BC37AF}"
EndProject
Project("{FAE04EC0-301F-11D3-BF4B-00C04F79EFBC}") = "Day07", "Day07\Day07.csproj", "{917FA864-5083-43E3-97DF-4B45962F364B}"
EndProject
Project("{FAE04EC0-301F-11D3-BF4B-00C04F79EFBC}") = "Day08", "Day08\Day08.csproj", "{A8FE8C69-E8F8-475D-A11F-8AAED9DA8275}"
EndProject
Project("{FAE04EC0-301F-11D3-BF4B-00C04F79EFBC}") = "Day09", "Day09\Day09.csproj", "{D1DF54C4-7074-4823-B018-128376754C02}"
EndProject
Project("{FAE04EC0-301F-11D3-BF4B-00C04F79EFBC}") = "Day10", "Day10\Day10.csproj", "{586D13DE-F2D1-4EAA-95F0-D8A8748330D2}"
EndProject
Project("{FAE04EC0-301F-11D3-BF4B-00C04F79EFBC}") = "Day11", "Day11\Day11.csproj", "{3B03DC14-1231-4FC6-B07A-DB55C4ED6B2D}"
EndProject
Project("{FAE04EC0-301F-11D3-BF4B-00C04F79EFBC}") = "Day12", "Day12\Day12.csproj", "{6F720934-85FA-457A-BCF5-DAE581A4FD6C}"
EndProject
Project("{FAE04EC0-301F-11D3-BF4B-00C04F79EFBC}") = "Day13", "Day13\Day13.csproj", "{1CF5DF80-49D2-425D-9D5B-C04910F41B44}"
EndProject
Project("{FAE04EC0-301F-11D3-BF4B-00C04F79EFBC}") = "Day14", "Day14\Day14.csproj", "{038DF79B-A83A-4E4D-9762-A74F5BCBD26A}"
EndProject
Project("{FAE04EC0-301F-11D3-BF4B-00C04F79EFBC}") = "Day16", "Day16\Day16.csproj", "{387BCFA5-4081-4A6D-B24C-6BAFD17BB5A5}"
EndProject
Project("{FAE04EC0-301F-11D3-BF4B-00C04F79EFBC}") = "Day17", "Day17\Day17.csproj", "{F98914CF-7D77-455A-B20E-330AB3434DA0}"
EndProject
Project("{FAE04EC0-301F-11D3-BF4B-00C04F79EFBC}") = "Day15", "Day15\Day15.csproj", "{51D3485A-63F2-44AE-9C30-1FCEB040FC07}"
EndProject
Project("{FAE04EC0-301F-11D3-BF4B-00C04F79EFBC}") = "Day18", "Day18\Day18.csproj", "{15414A27-B1D5-4867-BAB9-149BEFFF023A}"
EndProject
Project("{FAE04EC0-301F-11D3-BF4B-00C04F79EFBC}") = "Day19", "Day19\Day19.csproj", "{17CB72F0-4311-4726-8316-631E27CBC83D}"
EndProject
Project("{FAE04EC0-301F-11D3-BF4B-00C04F79EFBC}") = "Day20", "Day20\Day20.csproj", "{A931F490-7E7E-4607-8518-758BB3C2E147}"
EndProject
Project("{FAE04EC0-301F-11D3-BF4B-00C04F79EFBC}") = "Day21", "Day21\Day21.csproj", "{2C413FC3-C6BF-41B0-9E99-A041CD230269}"
EndProject
Global
	GlobalSection(SolutionConfigurationPlatforms) = preSolution
		Debug|Any CPU = Debug|Any CPU
		Release|Any CPU = Release|Any CPU
	EndGlobalSection
	GlobalSection(SolutionProperties) = preSolution
		HideSolutionNode = FALSE
	EndGlobalSection
	GlobalSection(ProjectConfigurationPlatforms) = postSolution
		{A327D329-B4DB-441B-B049-11448174A5B3}.Debug|Any CPU.ActiveCfg = Debug|Any CPU
		{A327D329-B4DB-441B-B049-11448174A5B3}.Debug|Any CPU.Build.0 = Debug|Any CPU
		{A327D329-B4DB-441B-B049-11448174A5B3}.Release|Any CPU.ActiveCfg = Release|Any CPU
		{A327D329-B4DB-441B-B049-11448174A5B3}.Release|Any CPU.Build.0 = Release|Any CPU
		{4C63E980-FCDD-4FA8-89A0-3FFCE9036ED3}.Debug|Any CPU.ActiveCfg = Debug|Any CPU
		{4C63E980-FCDD-4FA8-89A0-3FFCE9036ED3}.Debug|Any CPU.Build.0 = Debug|Any CPU
		{4C63E980-FCDD-4FA8-89A0-3FFCE9036ED3}.Release|Any CPU.ActiveCfg = Release|Any CPU
		{4C63E980-FCDD-4FA8-89A0-3FFCE9036ED3}.Release|Any CPU.Build.0 = Release|Any CPU
		{354AA47D-7BDF-472D-9A6A-8FC1AE0E71F9}.Debug|Any CPU.ActiveCfg = Debug|Any CPU
		{354AA47D-7BDF-472D-9A6A-8FC1AE0E71F9}.Debug|Any CPU.Build.0 = Debug|Any CPU
		{354AA47D-7BDF-472D-9A6A-8FC1AE0E71F9}.Release|Any CPU.ActiveCfg = Release|Any CPU
		{354AA47D-7BDF-472D-9A6A-8FC1AE0E71F9}.Release|Any CPU.Build.0 = Release|Any CPU
		{5A7703AE-C748-4ADB-91CD-7D39D3C1EEC8}.Debug|Any CPU.ActiveCfg = Debug|Any CPU
		{5A7703AE-C748-4ADB-91CD-7D39D3C1EEC8}.Debug|Any CPU.Build.0 = Debug|Any CPU
		{5A7703AE-C748-4ADB-91CD-7D39D3C1EEC8}.Release|Any CPU.ActiveCfg = Release|Any CPU
		{5A7703AE-C748-4ADB-91CD-7D39D3C1EEC8}.Release|Any CPU.Build.0 = Release|Any CPU
		{BE55956D-99AE-4DED-BDB3-E091A6DD7C94}.Debug|Any CPU.ActiveCfg = Debug|Any CPU
		{BE55956D-99AE-4DED-BDB3-E091A6DD7C94}.Debug|Any CPU.Build.0 = Debug|Any CPU
		{BE55956D-99AE-4DED-BDB3-E091A6DD7C94}.Release|Any CPU.ActiveCfg = Release|Any CPU
		{BE55956D-99AE-4DED-BDB3-E091A6DD7C94}.Release|Any CPU.Build.0 = Release|Any CPU
		{C0E0B382-3D03-45B8-9233-7FC2B50EE480}.Debug|Any CPU.ActiveCfg = Debug|Any CPU
		{C0E0B382-3D03-45B8-9233-7FC2B50EE480}.Debug|Any CPU.Build.0 = Debug|Any CPU
		{C0E0B382-3D03-45B8-9233-7FC2B50EE480}.Release|Any CPU.ActiveCfg = Release|Any CPU
		{C0E0B382-3D03-45B8-9233-7FC2B50EE480}.Release|Any CPU.Build.0 = Release|Any CPU
		{36BBF309-E3F9-463E-BC3B-30FED2BC37AF}.Debug|Any CPU.ActiveCfg = Debug|Any CPU
		{36BBF309-E3F9-463E-BC3B-30FED2BC37AF}.Debug|Any CPU.Build.0 = Debug|Any CPU
		{36BBF309-E3F9-463E-BC3B-30FED2BC37AF}.Release|Any CPU.ActiveCfg = Release|Any CPU
		{36BBF309-E3F9-463E-BC3B-30FED2BC37AF}.Release|Any CPU.Build.0 = Release|Any CPU
		{917FA864-5083-43E3-97DF-4B45962F364B}.Debug|Any CPU.ActiveCfg = Debug|Any CPU
		{917FA864-5083-43E3-97DF-4B45962F364B}.Debug|Any CPU.Build.0 = Debug|Any CPU
		{917FA864-5083-43E3-97DF-4B45962F364B}.Release|Any CPU.ActiveCfg = Release|Any CPU
		{917FA864-5083-43E3-97DF-4B45962F364B}.Release|Any CPU.Build.0 = Release|Any CPU
		{A8FE8C69-E8F8-475D-A11F-8AAED9DA8275}.Debug|Any CPU.ActiveCfg = Debug|Any CPU
		{A8FE8C69-E8F8-475D-A11F-8AAED9DA8275}.Debug|Any CPU.Build.0 = Debug|Any CPU
		{A8FE8C69-E8F8-475D-A11F-8AAED9DA8275}.Release|Any CPU.ActiveCfg = Release|Any CPU
		{A8FE8C69-E8F8-475D-A11F-8AAED9DA8275}.Release|Any CPU.Build.0 = Release|Any CPU
		{D1DF54C4-7074-4823-B018-128376754C02}.Debug|Any CPU.ActiveCfg = Debug|Any CPU
		{D1DF54C4-7074-4823-B018-128376754C02}.Debug|Any CPU.Build.0 = Debug|Any CPU
		{D1DF54C4-7074-4823-B018-128376754C02}.Release|Any CPU.ActiveCfg = Release|Any CPU
		{D1DF54C4-7074-4823-B018-128376754C02}.Release|Any CPU.Build.0 = Release|Any CPU
		{586D13DE-F2D1-4EAA-95F0-D8A8748330D2}.Debug|Any CPU.ActiveCfg = Debug|Any CPU
		{586D13DE-F2D1-4EAA-95F0-D8A8748330D2}.Debug|Any CPU.Build.0 = Debug|Any CPU
		{586D13DE-F2D1-4EAA-95F0-D8A8748330D2}.Release|Any CPU.ActiveCfg = Release|Any CPU
		{586D13DE-F2D1-4EAA-95F0-D8A8748330D2}.Release|Any CPU.Build.0 = Release|Any CPU
		{3B03DC14-1231-4FC6-B07A-DB55C4ED6B2D}.Debug|Any CPU.ActiveCfg = Debug|Any CPU
		{3B03DC14-1231-4FC6-B07A-DB55C4ED6B2D}.Debug|Any CPU.Build.0 = Debug|Any CPU
		{3B03DC14-1231-4FC6-B07A-DB55C4ED6B2D}.Release|Any CPU.ActiveCfg = Release|Any CPU
		{3B03DC14-1231-4FC6-B07A-DB55C4ED6B2D}.Release|Any CPU.Build.0 = Release|Any CPU
		{6F720934-85FA-457A-BCF5-DAE581A4FD6C}.Debug|Any CPU.ActiveCfg = Debug|Any CPU
		{6F720934-85FA-457A-BCF5-DAE581A4FD6C}.Debug|Any CPU.Build.0 = Debug|Any CPU
		{6F720934-85FA-457A-BCF5-DAE581A4FD6C}.Release|Any CPU.ActiveCfg = Release|Any CPU
		{6F720934-85FA-457A-BCF5-DAE581A4FD6C}.Release|Any CPU.Build.0 = Release|Any CPU
		{1CF5DF80-49D2-425D-9D5B-C04910F41B44}.Debug|Any CPU.ActiveCfg = Debug|Any CPU
		{1CF5DF80-49D2-425D-9D5B-C04910F41B44}.Debug|Any CPU.Build.0 = Debug|Any CPU
		{1CF5DF80-49D2-425D-9D5B-C04910F41B44}.Release|Any CPU.ActiveCfg = Release|Any CPU
		{1CF5DF80-49D2-425D-9D5B-C04910F41B44}.Release|Any CPU.Build.0 = Release|Any CPU
		{038DF79B-A83A-4E4D-9762-A74F5BCBD26A}.Debug|Any CPU.ActiveCfg = Debug|Any CPU
		{038DF79B-A83A-4E4D-9762-A74F5BCBD26A}.Debug|Any CPU.Build.0 = Debug|Any CPU
		{038DF79B-A83A-4E4D-9762-A74F5BCBD26A}.Release|Any CPU.ActiveCfg = Release|Any CPU
		{038DF79B-A83A-4E4D-9762-A74F5BCBD26A}.Release|Any CPU.Build.0 = Release|Any CPU
		{387BCFA5-4081-4A6D-B24C-6BAFD17BB5A5}.Debug|Any CPU.ActiveCfg = Debug|Any CPU
		{387BCFA5-4081-4A6D-B24C-6BAFD17BB5A5}.Debug|Any CPU.Build.0 = Debug|Any CPU
		{387BCFA5-4081-4A6D-B24C-6BAFD17BB5A5}.Release|Any CPU.ActiveCfg = Release|Any CPU
		{387BCFA5-4081-4A6D-B24C-6BAFD17BB5A5}.Release|Any CPU.Build.0 = Release|Any CPU
		{F98914CF-7D77-455A-B20E-330AB3434DA0}.Debug|Any CPU.ActiveCfg = Debug|Any CPU
		{F98914CF-7D77-455A-B20E-330AB3434DA0}.Debug|Any CPU.Build.0 = Debug|Any CPU
		{F98914CF-7D77-455A-B20E-330AB3434DA0}.Release|Any CPU.ActiveCfg = Release|Any CPU
		{F98914CF-7D77-455A-B20E-330AB3434DA0}.Release|Any CPU.Build.0 = Release|Any CPU
		{51D3485A-63F2-44AE-9C30-1FCEB040FC07}.Debug|Any CPU.ActiveCfg = Debug|Any CPU
		{51D3485A-63F2-44AE-9C30-1FCEB040FC07}.Debug|Any CPU.Build.0 = Debug|Any CPU
		{51D3485A-63F2-44AE-9C30-1FCEB040FC07}.Release|Any CPU.ActiveCfg = Release|Any CPU
		{51D3485A-63F2-44AE-9C30-1FCEB040FC07}.Release|Any CPU.Build.0 = Release|Any CPU
		{15414A27-B1D5-4867-BAB9-149BEFFF023A}.Debug|Any CPU.ActiveCfg = Debug|Any CPU
		{15414A27-B1D5-4867-BAB9-149BEFFF023A}.Debug|Any CPU.Build.0 = Debug|Any CPU
		{15414A27-B1D5-4867-BAB9-149BEFFF023A}.Release|Any CPU.ActiveCfg = Release|Any CPU
		{15414A27-B1D5-4867-BAB9-149BEFFF023A}.Release|Any CPU.Build.0 = Release|Any CPU
		{17CB72F0-4311-4726-8316-631E27CBC83D}.Debug|Any CPU.ActiveCfg = Debug|Any CPU
		{17CB72F0-4311-4726-8316-631E27CBC83D}.Debug|Any CPU.Build.0 = Debug|Any CPU
		{17CB72F0-4311-4726-8316-631E27CBC83D}.Release|Any CPU.ActiveCfg = Release|Any CPU
		{17CB72F0-4311-4726-8316-631E27CBC83D}.Release|Any CPU.Build.0 = Release|Any CPU
		{A931F490-7E7E-4607-8518-758BB3C2E147}.Debug|Any CPU.ActiveCfg = Debug|Any CPU
		{A931F490-7E7E-4607-8518-758BB3C2E147}.Debug|Any CPU.Build.0 = Debug|Any CPU
		{A931F490-7E7E-4607-8518-758BB3C2E147}.Release|Any CPU.ActiveCfg = Release|Any CPU
		{A931F490-7E7E-4607-8518-758BB3C2E147}.Release|Any CPU.Build.0 = Release|Any CPU
		{2C413FC3-C6BF-41B0-9E99-A041CD230269}.Debug|Any CPU.ActiveCfg = Debug|Any CPU
		{2C413FC3-C6BF-41B0-9E99-A041CD230269}.Debug|Any CPU.Build.0 = Debug|Any CPU
		{2C413FC3-C6BF-41B0-9E99-A041CD230269}.Release|Any CPU.ActiveCfg = Release|Any CPU
		{2C413FC3-C6BF-41B0-9E99-A041CD230269}.Release|Any CPU.Build.0 = Release|Any CPU
	EndGlobalSection
EndGlobal
